
Microsoft Visual Studio Solution File, Format Version 12.00
# Visual Studio 15
VisualStudioVersion = 15.0.27428.2002
MinimumVisualStudioVersion = 10.0.40219.1
Project("{FAE04EC0-301F-11D3-BF4B-00C04F79EFBC}") = "STFU.Executable.AutoUploader", "STFU.Executable.AutoUploader\STFU.Executable.AutoUploader.csproj", "{E78EE90C-15E6-49C3-A166-5EFC933E7F21}"
EndProject
Project("{FAE04EC0-301F-11D3-BF4B-00C04F79EFBC}") = "STFU.Lib.Youtube.Interfaces", "STFU.Lib.Youtube.Interfaces\STFU.Lib.Youtube.Interfaces.csproj", "{42D1E275-4F3E-4ADF-8C4F-C4B3F9A5E49D}"
EndProject
Project("{FAE04EC0-301F-11D3-BF4B-00C04F79EFBC}") = "STFU.Lib.Youtube.Model", "STFU.Lib.Youtube.Model\STFU.Lib.Youtube.Model.csproj", "{69F7D3D1-0F1E-410C-82D5-F1400A291821}"
EndProject
Project("{FAE04EC0-301F-11D3-BF4B-00C04F79EFBC}") = "STFU.Lib.Youtube", "STFU.Lib.Youtube\STFU.Lib.Youtube.csproj", "{3689165C-622D-46CA-88C4-DC8FE938CC8C}"
EndProject
Project("{FAE04EC0-301F-11D3-BF4B-00C04F79EFBC}") = "STFU.Lib.Youtube.Automation", "STFU.Lib.Youtube.Automation\STFU.Lib.Youtube.Automation.csproj", "{C97271B8-CD14-4130-BD88-E44DC82B8C2F}"
EndProject
Project("{FAE04EC0-301F-11D3-BF4B-00C04F79EFBC}") = "STFU.Lib.Youtube.Automation.Interfaces", "STFU.Lib.Youtube.Automation.Interfaces\STFU.Lib.Youtube.Automation.Interfaces.csproj", "{EF26337E-0D0C-4FC6-BE71-5FF729D3F0E7}"
EndProject
Project("{FAE04EC0-301F-11D3-BF4B-00C04F79EFBC}") = "STFU.Lib.Youtube.Persistor", "STFU.Lib.Youtube.Persistor\STFU.Lib.Youtube.Persistor.csproj", "{2DF8CA4E-27AD-4C59-A1FD-0110DB602E3A}"
EndProject
Project("{FAE04EC0-301F-11D3-BF4B-00C04F79EFBC}") = "STFU.Lib.Updater", "STFU.Lib.Updater\STFU.Lib.Updater.csproj", "{4FB3D7AE-980F-41A0-B97B-EA11EFFF3508}"
EndProject
Project("{FAE04EC0-301F-11D3-BF4B-00C04F79EFBC}") = "STFU.Executable.Updater", "STFU.Executable.Updater\STFU.Executable.Updater.csproj", "{0DE91581-FEA3-43B5-AB9A-3A094A230911}"
EndProject
Project("{FAE04EC0-301F-11D3-BF4B-00C04F79EFBC}") = "STFU.Lib.GUI", "STFU.Lib.GUI\STFU.Lib.GUI.csproj", "{4C7F4998-727C-4A7F-BFA8-B24CB9507B73}"
EndProject
Project("{FAE04EC0-301F-11D3-BF4B-00C04F79EFBC}") = "STFU.Lib.MailSender", "STFU.Lib.MailSender\STFU.Lib.MailSender.csproj", "{BC19390A-F56E-4384-9BE8-193D0183444E}"
EndProject
Project("{FAE04EC0-301F-11D3-BF4B-00C04F79EFBC}") = "STFU.Lib.Common", "STFU.Lib.Common\STFU.Lib.Common.csproj", "{76BA1289-9C9E-40DD-B2DE-FD906BA5E500}"
EndProject
Project("{FAE04EC0-301F-11D3-BF4B-00C04F79EFBC}") = "STFU.Lib.Youtube.Services", "STFU.Lib.Youtube.Services\STFU.Lib.Youtube.Services.csproj", "{28B6561B-2090-4D83-95BA-345BF70CA022}"
EndProject
Project("{FAE04EC0-301F-11D3-BF4B-00C04F79EFBC}") = "STFU.Lib.Twitter", "STFU.Lib.Twitter\STFU.Lib.Twitter.csproj", "{00A77E89-637A-442E-B9EA-B39971BF8C82}"
EndProject
Global
	GlobalSection(SolutionConfigurationPlatforms) = preSolution
		Debug|Any CPU = Debug|Any CPU
		Debug|x64 = Debug|x64
		Debug|x86 = Debug|x86
		Release|Any CPU = Release|Any CPU
		Release|x64 = Release|x64
		Release|x86 = Release|x86
	EndGlobalSection
	GlobalSection(ProjectConfigurationPlatforms) = postSolution
		{E78EE90C-15E6-49C3-A166-5EFC933E7F21}.Debug|Any CPU.ActiveCfg = Debug|Any CPU
		{E78EE90C-15E6-49C3-A166-5EFC933E7F21}.Debug|Any CPU.Build.0 = Debug|Any CPU
		{E78EE90C-15E6-49C3-A166-5EFC933E7F21}.Debug|x64.ActiveCfg = Debug|Any CPU
		{E78EE90C-15E6-49C3-A166-5EFC933E7F21}.Debug|x64.Build.0 = Debug|Any CPU
		{E78EE90C-15E6-49C3-A166-5EFC933E7F21}.Debug|x86.ActiveCfg = Debug|Any CPU
		{E78EE90C-15E6-49C3-A166-5EFC933E7F21}.Debug|x86.Build.0 = Debug|Any CPU
		{E78EE90C-15E6-49C3-A166-5EFC933E7F21}.Release|Any CPU.ActiveCfg = Release|Any CPU
		{E78EE90C-15E6-49C3-A166-5EFC933E7F21}.Release|Any CPU.Build.0 = Release|Any CPU
		{E78EE90C-15E6-49C3-A166-5EFC933E7F21}.Release|x64.ActiveCfg = Release|Any CPU
		{E78EE90C-15E6-49C3-A166-5EFC933E7F21}.Release|x64.Build.0 = Release|Any CPU
		{E78EE90C-15E6-49C3-A166-5EFC933E7F21}.Release|x86.ActiveCfg = Release|Any CPU
		{E78EE90C-15E6-49C3-A166-5EFC933E7F21}.Release|x86.Build.0 = Release|Any CPU
		{42D1E275-4F3E-4ADF-8C4F-C4B3F9A5E49D}.Debug|Any CPU.ActiveCfg = Debug|Any CPU
		{42D1E275-4F3E-4ADF-8C4F-C4B3F9A5E49D}.Debug|Any CPU.Build.0 = Debug|Any CPU
		{42D1E275-4F3E-4ADF-8C4F-C4B3F9A5E49D}.Debug|x64.ActiveCfg = Debug|Any CPU
		{42D1E275-4F3E-4ADF-8C4F-C4B3F9A5E49D}.Debug|x64.Build.0 = Debug|Any CPU
		{42D1E275-4F3E-4ADF-8C4F-C4B3F9A5E49D}.Debug|x86.ActiveCfg = Debug|Any CPU
		{42D1E275-4F3E-4ADF-8C4F-C4B3F9A5E49D}.Debug|x86.Build.0 = Debug|Any CPU
		{42D1E275-4F3E-4ADF-8C4F-C4B3F9A5E49D}.Release|Any CPU.ActiveCfg = Release|Any CPU
		{42D1E275-4F3E-4ADF-8C4F-C4B3F9A5E49D}.Release|Any CPU.Build.0 = Release|Any CPU
		{42D1E275-4F3E-4ADF-8C4F-C4B3F9A5E49D}.Release|x64.ActiveCfg = Release|Any CPU
		{42D1E275-4F3E-4ADF-8C4F-C4B3F9A5E49D}.Release|x64.Build.0 = Release|Any CPU
		{42D1E275-4F3E-4ADF-8C4F-C4B3F9A5E49D}.Release|x86.ActiveCfg = Release|Any CPU
		{42D1E275-4F3E-4ADF-8C4F-C4B3F9A5E49D}.Release|x86.Build.0 = Release|Any CPU
		{69F7D3D1-0F1E-410C-82D5-F1400A291821}.Debug|Any CPU.ActiveCfg = Debug|Any CPU
		{69F7D3D1-0F1E-410C-82D5-F1400A291821}.Debug|Any CPU.Build.0 = Debug|Any CPU
		{69F7D3D1-0F1E-410C-82D5-F1400A291821}.Debug|x64.ActiveCfg = Debug|Any CPU
		{69F7D3D1-0F1E-410C-82D5-F1400A291821}.Debug|x64.Build.0 = Debug|Any CPU
		{69F7D3D1-0F1E-410C-82D5-F1400A291821}.Debug|x86.ActiveCfg = Debug|Any CPU
		{69F7D3D1-0F1E-410C-82D5-F1400A291821}.Debug|x86.Build.0 = Debug|Any CPU
		{69F7D3D1-0F1E-410C-82D5-F1400A291821}.Release|Any CPU.ActiveCfg = Release|Any CPU
		{69F7D3D1-0F1E-410C-82D5-F1400A291821}.Release|Any CPU.Build.0 = Release|Any CPU
		{69F7D3D1-0F1E-410C-82D5-F1400A291821}.Release|x64.ActiveCfg = Release|Any CPU
		{69F7D3D1-0F1E-410C-82D5-F1400A291821}.Release|x64.Build.0 = Release|Any CPU
		{69F7D3D1-0F1E-410C-82D5-F1400A291821}.Release|x86.ActiveCfg = Release|Any CPU
		{69F7D3D1-0F1E-410C-82D5-F1400A291821}.Release|x86.Build.0 = Release|Any CPU
		{3689165C-622D-46CA-88C4-DC8FE938CC8C}.Debug|Any CPU.ActiveCfg = Debug|Any CPU
		{3689165C-622D-46CA-88C4-DC8FE938CC8C}.Debug|Any CPU.Build.0 = Debug|Any CPU
		{3689165C-622D-46CA-88C4-DC8FE938CC8C}.Debug|x64.ActiveCfg = Debug|Any CPU
		{3689165C-622D-46CA-88C4-DC8FE938CC8C}.Debug|x64.Build.0 = Debug|Any CPU
		{3689165C-622D-46CA-88C4-DC8FE938CC8C}.Debug|x86.ActiveCfg = Debug|Any CPU
		{3689165C-622D-46CA-88C4-DC8FE938CC8C}.Debug|x86.Build.0 = Debug|Any CPU
		{3689165C-622D-46CA-88C4-DC8FE938CC8C}.Release|Any CPU.ActiveCfg = Release|Any CPU
		{3689165C-622D-46CA-88C4-DC8FE938CC8C}.Release|Any CPU.Build.0 = Release|Any CPU
		{3689165C-622D-46CA-88C4-DC8FE938CC8C}.Release|x64.ActiveCfg = Release|Any CPU
		{3689165C-622D-46CA-88C4-DC8FE938CC8C}.Release|x64.Build.0 = Release|Any CPU
		{3689165C-622D-46CA-88C4-DC8FE938CC8C}.Release|x86.ActiveCfg = Release|Any CPU
		{3689165C-622D-46CA-88C4-DC8FE938CC8C}.Release|x86.Build.0 = Release|Any CPU
		{C97271B8-CD14-4130-BD88-E44DC82B8C2F}.Debug|Any CPU.ActiveCfg = Debug|Any CPU
		{C97271B8-CD14-4130-BD88-E44DC82B8C2F}.Debug|Any CPU.Build.0 = Debug|Any CPU
		{C97271B8-CD14-4130-BD88-E44DC82B8C2F}.Debug|x64.ActiveCfg = Debug|Any CPU
		{C97271B8-CD14-4130-BD88-E44DC82B8C2F}.Debug|x64.Build.0 = Debug|Any CPU
		{C97271B8-CD14-4130-BD88-E44DC82B8C2F}.Debug|x86.ActiveCfg = Debug|Any CPU
		{C97271B8-CD14-4130-BD88-E44DC82B8C2F}.Debug|x86.Build.0 = Debug|Any CPU
		{C97271B8-CD14-4130-BD88-E44DC82B8C2F}.Release|Any CPU.ActiveCfg = Release|Any CPU
		{C97271B8-CD14-4130-BD88-E44DC82B8C2F}.Release|Any CPU.Build.0 = Release|Any CPU
		{C97271B8-CD14-4130-BD88-E44DC82B8C2F}.Release|x64.ActiveCfg = Release|Any CPU
		{C97271B8-CD14-4130-BD88-E44DC82B8C2F}.Release|x64.Build.0 = Release|Any CPU
		{C97271B8-CD14-4130-BD88-E44DC82B8C2F}.Release|x86.ActiveCfg = Release|Any CPU
		{C97271B8-CD14-4130-BD88-E44DC82B8C2F}.Release|x86.Build.0 = Release|Any CPU
		{EF26337E-0D0C-4FC6-BE71-5FF729D3F0E7}.Debug|Any CPU.ActiveCfg = Debug|Any CPU
		{EF26337E-0D0C-4FC6-BE71-5FF729D3F0E7}.Debug|Any CPU.Build.0 = Debug|Any CPU
		{EF26337E-0D0C-4FC6-BE71-5FF729D3F0E7}.Debug|x64.ActiveCfg = Debug|Any CPU
		{EF26337E-0D0C-4FC6-BE71-5FF729D3F0E7}.Debug|x64.Build.0 = Debug|Any CPU
		{EF26337E-0D0C-4FC6-BE71-5FF729D3F0E7}.Debug|x86.ActiveCfg = Debug|Any CPU
		{EF26337E-0D0C-4FC6-BE71-5FF729D3F0E7}.Debug|x86.Build.0 = Debug|Any CPU
		{EF26337E-0D0C-4FC6-BE71-5FF729D3F0E7}.Release|Any CPU.ActiveCfg = Release|Any CPU
		{EF26337E-0D0C-4FC6-BE71-5FF729D3F0E7}.Release|Any CPU.Build.0 = Release|Any CPU
		{EF26337E-0D0C-4FC6-BE71-5FF729D3F0E7}.Release|x64.ActiveCfg = Release|Any CPU
		{EF26337E-0D0C-4FC6-BE71-5FF729D3F0E7}.Release|x64.Build.0 = Release|Any CPU
		{EF26337E-0D0C-4FC6-BE71-5FF729D3F0E7}.Release|x86.ActiveCfg = Release|Any CPU
		{EF26337E-0D0C-4FC6-BE71-5FF729D3F0E7}.Release|x86.Build.0 = Release|Any CPU
		{2DF8CA4E-27AD-4C59-A1FD-0110DB602E3A}.Debug|Any CPU.ActiveCfg = Debug|Any CPU
		{2DF8CA4E-27AD-4C59-A1FD-0110DB602E3A}.Debug|Any CPU.Build.0 = Debug|Any CPU
		{2DF8CA4E-27AD-4C59-A1FD-0110DB602E3A}.Debug|x64.ActiveCfg = Debug|Any CPU
		{2DF8CA4E-27AD-4C59-A1FD-0110DB602E3A}.Debug|x64.Build.0 = Debug|Any CPU
		{2DF8CA4E-27AD-4C59-A1FD-0110DB602E3A}.Debug|x86.ActiveCfg = Debug|Any CPU
		{2DF8CA4E-27AD-4C59-A1FD-0110DB602E3A}.Debug|x86.Build.0 = Debug|Any CPU
		{2DF8CA4E-27AD-4C59-A1FD-0110DB602E3A}.Release|Any CPU.ActiveCfg = Release|Any CPU
		{2DF8CA4E-27AD-4C59-A1FD-0110DB602E3A}.Release|Any CPU.Build.0 = Release|Any CPU
		{2DF8CA4E-27AD-4C59-A1FD-0110DB602E3A}.Release|x64.ActiveCfg = Release|Any CPU
		{2DF8CA4E-27AD-4C59-A1FD-0110DB602E3A}.Release|x64.Build.0 = Release|Any CPU
		{2DF8CA4E-27AD-4C59-A1FD-0110DB602E3A}.Release|x86.ActiveCfg = Release|Any CPU
		{2DF8CA4E-27AD-4C59-A1FD-0110DB602E3A}.Release|x86.Build.0 = Release|Any CPU
		{4FB3D7AE-980F-41A0-B97B-EA11EFFF3508}.Debug|Any CPU.ActiveCfg = Debug|Any CPU
		{4FB3D7AE-980F-41A0-B97B-EA11EFFF3508}.Debug|Any CPU.Build.0 = Debug|Any CPU
		{4FB3D7AE-980F-41A0-B97B-EA11EFFF3508}.Debug|x64.ActiveCfg = Debug|Any CPU
		{4FB3D7AE-980F-41A0-B97B-EA11EFFF3508}.Debug|x64.Build.0 = Debug|Any CPU
		{4FB3D7AE-980F-41A0-B97B-EA11EFFF3508}.Debug|x86.ActiveCfg = Debug|Any CPU
		{4FB3D7AE-980F-41A0-B97B-EA11EFFF3508}.Debug|x86.Build.0 = Debug|Any CPU
		{4FB3D7AE-980F-41A0-B97B-EA11EFFF3508}.Release|Any CPU.ActiveCfg = Release|Any CPU
		{4FB3D7AE-980F-41A0-B97B-EA11EFFF3508}.Release|Any CPU.Build.0 = Release|Any CPU
		{4FB3D7AE-980F-41A0-B97B-EA11EFFF3508}.Release|x64.ActiveCfg = Release|Any CPU
		{4FB3D7AE-980F-41A0-B97B-EA11EFFF3508}.Release|x64.Build.0 = Release|Any CPU
		{4FB3D7AE-980F-41A0-B97B-EA11EFFF3508}.Release|x86.ActiveCfg = Release|Any CPU
		{4FB3D7AE-980F-41A0-B97B-EA11EFFF3508}.Release|x86.Build.0 = Release|Any CPU
		{0DE91581-FEA3-43B5-AB9A-3A094A230911}.Debug|Any CPU.ActiveCfg = Debug|Any CPU
		{0DE91581-FEA3-43B5-AB9A-3A094A230911}.Debug|Any CPU.Build.0 = Debug|Any CPU
		{0DE91581-FEA3-43B5-AB9A-3A094A230911}.Debug|x64.ActiveCfg = Debug|Any CPU
		{0DE91581-FEA3-43B5-AB9A-3A094A230911}.Debug|x64.Build.0 = Debug|Any CPU
		{0DE91581-FEA3-43B5-AB9A-3A094A230911}.Debug|x86.ActiveCfg = Debug|Any CPU
		{0DE91581-FEA3-43B5-AB9A-3A094A230911}.Debug|x86.Build.0 = Debug|Any CPU
		{0DE91581-FEA3-43B5-AB9A-3A094A230911}.Release|Any CPU.ActiveCfg = Release|Any CPU
		{0DE91581-FEA3-43B5-AB9A-3A094A230911}.Release|Any CPU.Build.0 = Release|Any CPU
		{0DE91581-FEA3-43B5-AB9A-3A094A230911}.Release|x64.ActiveCfg = Release|Any CPU
		{0DE91581-FEA3-43B5-AB9A-3A094A230911}.Release|x64.Build.0 = Release|Any CPU
		{0DE91581-FEA3-43B5-AB9A-3A094A230911}.Release|x86.ActiveCfg = Release|Any CPU
		{0DE91581-FEA3-43B5-AB9A-3A094A230911}.Release|x86.Build.0 = Release|Any CPU
		{4C7F4998-727C-4A7F-BFA8-B24CB9507B73}.Debug|Any CPU.ActiveCfg = Debug|Any CPU
		{4C7F4998-727C-4A7F-BFA8-B24CB9507B73}.Debug|Any CPU.Build.0 = Debug|Any CPU
		{4C7F4998-727C-4A7F-BFA8-B24CB9507B73}.Debug|x64.ActiveCfg = Debug|Any CPU
		{4C7F4998-727C-4A7F-BFA8-B24CB9507B73}.Debug|x64.Build.0 = Debug|Any CPU
		{4C7F4998-727C-4A7F-BFA8-B24CB9507B73}.Debug|x86.ActiveCfg = Debug|Any CPU
		{4C7F4998-727C-4A7F-BFA8-B24CB9507B73}.Debug|x86.Build.0 = Debug|Any CPU
		{4C7F4998-727C-4A7F-BFA8-B24CB9507B73}.Release|Any CPU.ActiveCfg = Release|Any CPU
		{4C7F4998-727C-4A7F-BFA8-B24CB9507B73}.Release|Any CPU.Build.0 = Release|Any CPU
		{4C7F4998-727C-4A7F-BFA8-B24CB9507B73}.Release|x64.ActiveCfg = Release|Any CPU
		{4C7F4998-727C-4A7F-BFA8-B24CB9507B73}.Release|x64.Build.0 = Release|Any CPU
		{4C7F4998-727C-4A7F-BFA8-B24CB9507B73}.Release|x86.ActiveCfg = Release|Any CPU
		{4C7F4998-727C-4A7F-BFA8-B24CB9507B73}.Release|x86.Build.0 = Release|Any CPU
		{BC19390A-F56E-4384-9BE8-193D0183444E}.Debug|Any CPU.ActiveCfg = Debug|Any CPU
		{BC19390A-F56E-4384-9BE8-193D0183444E}.Debug|Any CPU.Build.0 = Debug|Any CPU
		{BC19390A-F56E-4384-9BE8-193D0183444E}.Debug|x64.ActiveCfg = Debug|Any CPU
		{BC19390A-F56E-4384-9BE8-193D0183444E}.Debug|x64.Build.0 = Debug|Any CPU
		{BC19390A-F56E-4384-9BE8-193D0183444E}.Debug|x86.ActiveCfg = Debug|Any CPU
		{BC19390A-F56E-4384-9BE8-193D0183444E}.Debug|x86.Build.0 = Debug|Any CPU
		{BC19390A-F56E-4384-9BE8-193D0183444E}.Release|Any CPU.ActiveCfg = Release|Any CPU
		{BC19390A-F56E-4384-9BE8-193D0183444E}.Release|Any CPU.Build.0 = Release|Any CPU
		{BC19390A-F56E-4384-9BE8-193D0183444E}.Release|x64.ActiveCfg = Release|Any CPU
		{BC19390A-F56E-4384-9BE8-193D0183444E}.Release|x64.Build.0 = Release|Any CPU
		{BC19390A-F56E-4384-9BE8-193D0183444E}.Release|x86.ActiveCfg = Release|Any CPU
		{BC19390A-F56E-4384-9BE8-193D0183444E}.Release|x86.Build.0 = Release|Any CPU
		{76BA1289-9C9E-40DD-B2DE-FD906BA5E500}.Debug|Any CPU.ActiveCfg = Debug|Any CPU
		{76BA1289-9C9E-40DD-B2DE-FD906BA5E500}.Debug|Any CPU.Build.0 = Debug|Any CPU
		{76BA1289-9C9E-40DD-B2DE-FD906BA5E500}.Debug|x64.ActiveCfg = Debug|Any CPU
		{76BA1289-9C9E-40DD-B2DE-FD906BA5E500}.Debug|x64.Build.0 = Debug|Any CPU
		{76BA1289-9C9E-40DD-B2DE-FD906BA5E500}.Debug|x86.ActiveCfg = Debug|Any CPU
		{76BA1289-9C9E-40DD-B2DE-FD906BA5E500}.Debug|x86.Build.0 = Debug|Any CPU
		{76BA1289-9C9E-40DD-B2DE-FD906BA5E500}.Release|Any CPU.ActiveCfg = Release|Any CPU
		{76BA1289-9C9E-40DD-B2DE-FD906BA5E500}.Release|Any CPU.Build.0 = Release|Any CPU
		{76BA1289-9C9E-40DD-B2DE-FD906BA5E500}.Release|x64.ActiveCfg = Release|Any CPU
		{76BA1289-9C9E-40DD-B2DE-FD906BA5E500}.Release|x64.Build.0 = Release|Any CPU
		{76BA1289-9C9E-40DD-B2DE-FD906BA5E500}.Release|x86.ActiveCfg = Release|Any CPU
		{76BA1289-9C9E-40DD-B2DE-FD906BA5E500}.Release|x86.Build.0 = Release|Any CPU
		{28B6561B-2090-4D83-95BA-345BF70CA022}.Debug|Any CPU.ActiveCfg = Debug|Any CPU
		{28B6561B-2090-4D83-95BA-345BF70CA022}.Debug|Any CPU.Build.0 = Debug|Any CPU
		{28B6561B-2090-4D83-95BA-345BF70CA022}.Debug|x64.ActiveCfg = Debug|Any CPU
		{28B6561B-2090-4D83-95BA-345BF70CA022}.Debug|x64.Build.0 = Debug|Any CPU
		{28B6561B-2090-4D83-95BA-345BF70CA022}.Debug|x86.ActiveCfg = Debug|Any CPU
		{28B6561B-2090-4D83-95BA-345BF70CA022}.Debug|x86.Build.0 = Debug|Any CPU
		{28B6561B-2090-4D83-95BA-345BF70CA022}.Release|Any CPU.ActiveCfg = Release|Any CPU
		{28B6561B-2090-4D83-95BA-345BF70CA022}.Release|Any CPU.Build.0 = Release|Any CPU
		{28B6561B-2090-4D83-95BA-345BF70CA022}.Release|x64.ActiveCfg = Release|Any CPU
		{28B6561B-2090-4D83-95BA-345BF70CA022}.Release|x64.Build.0 = Release|Any CPU
		{28B6561B-2090-4D83-95BA-345BF70CA022}.Release|x86.ActiveCfg = Release|Any CPU
		{28B6561B-2090-4D83-95BA-345BF70CA022}.Release|x86.Build.0 = Release|Any CPU
		{00A77E89-637A-442E-B9EA-B39971BF8C82}.Debug|Any CPU.ActiveCfg = Debug|Any CPU
		{00A77E89-637A-442E-B9EA-B39971BF8C82}.Debug|Any CPU.Build.0 = Debug|Any CPU
		{00A77E89-637A-442E-B9EA-B39971BF8C82}.Debug|x64.ActiveCfg = Debug|Any CPU
		{00A77E89-637A-442E-B9EA-B39971BF8C82}.Debug|x64.Build.0 = Debug|Any CPU
		{00A77E89-637A-442E-B9EA-B39971BF8C82}.Debug|x86.ActiveCfg = Debug|Any CPU
		{00A77E89-637A-442E-B9EA-B39971BF8C82}.Debug|x86.Build.0 = Debug|Any CPU
		{00A77E89-637A-442E-B9EA-B39971BF8C82}.Release|Any CPU.ActiveCfg = Release|Any CPU
		{00A77E89-637A-442E-B9EA-B39971BF8C82}.Release|Any CPU.Build.0 = Release|Any CPU
		{00A77E89-637A-442E-B9EA-B39971BF8C82}.Release|x64.ActiveCfg = Release|Any CPU
		{00A77E89-637A-442E-B9EA-B39971BF8C82}.Release|x64.Build.0 = Release|Any CPU
		{00A77E89-637A-442E-B9EA-B39971BF8C82}.Release|x86.ActiveCfg = Release|Any CPU
		{00A77E89-637A-442E-B9EA-B39971BF8C82}.Release|x86.Build.0 = Release|Any CPU
	EndGlobalSection
	GlobalSection(SolutionProperties) = preSolution
		HideSolutionNode = FALSE
	EndGlobalSection
	GlobalSection(ExtensibilityGlobals) = postSolution
		SolutionGuid = {CBE2C5AF-EA97-4C78-8A57-8AAAFEF519A7}
	EndGlobalSection
EndGlobal
